<Solution>
  <Project Path="day01/day01.csproj" />
  <Project Path="day02/day02.csproj" />
  <Project Path="day03/day03.csproj" />
  <Project Path="day04/day04.csproj" />
  <Project Path="day05/day05.csproj" />
  <Project Path="day06/day06.csproj" />
  <Project Path="day07/day07.csproj" />
  <Project Path="day08/day08.csproj" />
  <Project Path="day09/day09.csproj" />
</Solution>
